Microsoft Visual Studio Solution File, Format Version 12.00
# Visual Studio 15
Project("{FAE04EC0-301F-11d3-BF4B-00C04F79EFBC}") = "TailwindPOS", "TailwindPOS.csproj", "{7A56289E-6BD8-468F-BAC1-D3916EB3873F}"
EndProject
Project("{FAE04EC0-301F-11d3-BF4B-00C04F79EFBC}") = "Tailwind_WinFormsSupport", "Tailwind_WinFormsSupport\Tailwind_WinFormsSupport.csproj", "{F4752893-5AA4-48FA-9AE4-21E589D6A9C5}"
EndProject
Project("{2150E333-8FDC-42a3-9474-1A3956D46DE8}") = "TailwindPOS.csproj", "TailwindPOS.csproj", "{0F75BA2A-BF80-443B-90D3-E0A5C9A606F3}"
EndProject
Project("{2150E333-8FDC-42a3-9474-1A3956D46DE8}") = "Tailwind_WinFormsSupport", "Tailwind_WinFormsSupport", "{76C91124-DE9F-444F-A1D1-C69B5CDC3940}"
EndProject
Global
	GlobalSection(SolutionConfigurationPlatforms) = preSolution
		Debug|Mixed Platforms = Debug|Mixed Platforms
		Debug|x86 = Debug|x86
		Release|Mixed Platforms = Release|Mixed Platforms
		Release|x86 = Release|x86
	EndGlobalSection
	GlobalSection(ProjectConfigurationPlatforms) = postSolution
		{7A56289E-6BD8-468F-BAC1-D3916EB3873F}.Debug|Mixed Platforms.ActiveCfg = Debug|x86
		{7A56289E-6BD8-468F-BAC1-D3916EB3873F}.Debug|Mixed Platforms.Build.0 = Debug|x86
		{7A56289E-6BD8-468F-BAC1-D3916EB3873F}.Debug|x86.ActiveCfg = Debug|x86
		{7A56289E-6BD8-468F-BAC1-D3916EB3873F}.Debug|x86.Build.0 = Debug|x86
		{7A56289E-6BD8-468F-BAC1-D3916EB3873F}.Release|Mixed Platforms.ActiveCfg = Release|x86
		{7A56289E-6BD8-468F-BAC1-D3916EB3873F}.Release|Mixed Platforms.Build.0 = Release|x86
		{7A56289E-6BD8-468F-BAC1-D3916EB3873F}.Release|x86.ActiveCfg = Release|x86
		{7A56289E-6BD8-468F-BAC1-D3916EB3873F}.Release|x86.Build.0 = Release|x86
		{F4752893-5AA4-48FA-9AE4-21E589D6A9C5}.Debug|Mixed Platforms.ActiveCfg = Debug|x86
		{F4752893-5AA4-48FA-9AE4-21E589D6A9C5}.Debug|Mixed Platforms.Build.0 = Debug|x86
		{F4752893-5AA4-48FA-9AE4-21E589D6A9C5}.Debug|x86.ActiveCfg = Debug|x86
		{F4752893-5AA4-48FA-9AE4-21E589D6A9C5}.Debug|x86.Build.0 = Debug|x86
		{F4752893-5AA4-48FA-9AE4-21E589D6A9C5}.Release|Mixed Platforms.ActiveCfg = Release|x86
		{F4752893-5AA4-48FA-9AE4-21E589D6A9C5}.Release|Mixed Platforms.Build.0 = Release|x86
		{F4752893-5AA4-48FA-9AE4-21E589D6A9C5}.Release|x86.ActiveCfg = Release|x86
		{F4752893-5AA4-48FA-9AE4-21E589D6A9C5}.Release|x86.Build.0 = Release|x86
	EndGlobalSection
	GlobalSection(SolutionProperties) = preSolution
		HideSolutionNode = FALSE
	EndGlobalSection
	GlobalSection(NestedProjects) = preSolution
		{7A56289E-6BD8-468F-BAC1-D3916EB3873F} = {0F75BA2A-BF80-443B-90D3-E0A5C9A606F3}
		{F4752893-5AA4-48FA-9AE4-21E589D6A9C5} = {76C91124-DE9F-444F-A1D1-C69B5CDC3940}
	EndGlobalSection
EndGlobal
